
Microsoft Visual Studio Solution File, Format Version 12.00
# Visual Studio Version 17
VisualStudioVersion = 17.0.32014.148
MinimumVisualStudioVersion = 10.0.40219.1
Project("{9A19103F-16F7-4668-BE54-9A1E7A4F7556}") = "MINI_FILE_SYSTEM", "MINI_FILE_SYSTEM\MINI_FILE_SYSTEM.csproj", "{82072D9A-8844-4CCE-B5E1-FC0F7441041E}"
EndProject
Project("{2150E333-8FDC-42A3-9474-1A3956D46DE8}") = "Solution Items", "Solution Items", "{DF2D83E7-9511-4E1E-8E68-FF9E7AFADA0A}"
	ProjectSection(SolutionItems) = preProject
		.editorconfig = .editorconfig
	EndProjectSection
EndProject
Global
	GlobalSection(SolutionConfigurationPlatforms) = preSolution
		Debug|Any CPU = Debug|Any CPU
		Release|Any CPU = Release|Any CPU
	EndGlobalSection
	GlobalSection(ProjectConfigurationPlatforms) = postSolution
		{82072D9A-8844-4CCE-B5E1-FC0F7441041E}.Debug|Any CPU.ActiveCfg = Debug|Any CPU
		{82072D9A-8844-4CCE-B5E1-FC0F7441041E}.Debug|Any CPU.Build.0 = Debug|Any CPU
		{82072D9A-8844-4CCE-B5E1-FC0F7441041E}.Release|Any CPU.ActiveCfg = Release|Any CPU
		{82072D9A-8844-4CCE-B5E1-FC0F7441041E}.Release|Any CPU.Build.0 = Release|Any CPU
	EndGlobalSection
	GlobalSection(SolutionProperties) = preSolution
		HideSolutionNode = FALSE
	EndGlobalSection
	GlobalSection(ExtensibilityGlobals) = postSolution
		SolutionGuid = {CBA1FF87-FF1A-4812-9800-5FD3A8BDF4C6}
	EndGlobalSection
EndGlobal
